
Microsoft Visual Studio Solution File, Format Version 12.00
# Visual Studio Version 17
VisualStudioVersion = 17.0.31611.283
MinimumVisualStudioVersion = 10.0.40219.1
Project("{9A19103F-16F7-4668-BE54-9A1E7A4F7556}") = "RescueMe.Client", "RescueMe.Client\RescueMe.Client.csproj", "{E2907437-1D8C-4B01-9CBA-72B4759E0F28}"
EndProject
Project("{FAE04EC0-301F-11D3-BF4B-00C04F79EFBC}") = "RescueMe.Refit", "RescueMe.Refit\RescueMe.Refit.csproj", "{A364ED39-E998-4366-94A5-B96906285869}"
EndProject
Global
	GlobalSection(SolutionConfigurationPlatforms) = preSolution
		Debug|Any CPU = Debug|Any CPU
		Release|Any CPU = Release|Any CPU
	EndGlobalSection
	GlobalSection(ProjectConfigurationPlatforms) = postSolution
		{E2907437-1D8C-4B01-9CBA-72B4759E0F28}.Debug|Any CPU.ActiveCfg = Debug|Any CPU
		{E2907437-1D8C-4B01-9CBA-72B4759E0F28}.Debug|Any CPU.Build.0 = Debug|Any CPU
		{E2907437-1D8C-4B01-9CBA-72B4759E0F28}.Debug|Any CPU.Deploy.0 = Debug|Any CPU
		{E2907437-1D8C-4B01-9CBA-72B4759E0F28}.Release|Any CPU.ActiveCfg = Release|Any CPU
		{E2907437-1D8C-4B01-9CBA-72B4759E0F28}.Release|Any CPU.Build.0 = Release|Any CPU
		{E2907437-1D8C-4B01-9CBA-72B4759E0F28}.Release|Any CPU.Deploy.0 = Release|Any CPU
		{A364ED39-E998-4366-94A5-B96906285869}.Debug|Any CPU.ActiveCfg = Debug|Any CPU
		{A364ED39-E998-4366-94A5-B96906285869}.Debug|Any CPU.Build.0 = Debug|Any CPU
		{A364ED39-E998-4366-94A5-B96906285869}.Release|Any CPU.ActiveCfg = Release|Any CPU
		{A364ED39-E998-4366-94A5-B96906285869}.Release|Any CPU.Build.0 = Release|Any CPU
	EndGlobalSection
	GlobalSection(SolutionProperties) = preSolution
		HideSolutionNode = FALSE
	EndGlobalSection
	GlobalSection(ExtensibilityGlobals) = postSolution
		SolutionGuid = {61F7FB11-1E47-470C-91E2-47F8143E1572}
	EndGlobalSection
EndGlobal
